// !$*UTF8*$!
{
	archiveVersion = 1;
	classes = {
	};
	objectVersion = 50;
	objects = {

/* Begin PBXBuildFile section */
		660A8542260FA978008A0B1B /* BeersApi.swift in Sources */ = {isa = PBXBuildFile; fileRef = 660A8541260FA978008A0B1B /* BeersApi.swift */; };
		660A8546260FAA3D008A0B1B /* Beer.swift in Sources */ = {isa = PBXBuildFile; fileRef = 660A8545260FAA3D008A0B1B /* Beer.swift */; };
		660A855B26109493008A0B1B /* ItemsState.swift in Sources */ = {isa = PBXBuildFile; fileRef = 660A855A26109493008A0B1B /* ItemsState.swift */; };
		660A855F261097AD008A0B1B /* ResponseState.swift in Sources */ = {isa = PBXBuildFile; fileRef = 660A855E261097AD008A0B1B /* ResponseState.swift */; };
		660A85752610B172008A0B1B /* Observer.swift in Sources */ = {isa = PBXBuildFile; fileRef = 660A85742610B172008A0B1B /* Observer.swift */; };
		66683FE0260F73EC0087B4F0 /* Assets.xcassets in Resources */ = {isa = PBXBuildFile; fileRef = 66683FDF260F73EC0087B4F0 /* Assets.xcassets */; };
		66683FE3260F73EC0087B4F0 /* Preview Assets.xcassets in Resources */ = {isa = PBXBuildFile; fileRef = 66683FE2260F73EC0087B4F0 /* Preview Assets.xcassets */; };
		667EBA312610BD770025124D /* StringIdentifiable.swift in Sources */ = {isa = PBXBuildFile; fileRef = 667EBA302610BD770025124D /* StringIdentifiable.swift */; };
		667EBA372610C7E40025124D /* DetailsContainer.swift in Sources */ = {isa = PBXBuildFile; fileRef = 667EBA362610C7E40025124D /* DetailsContainer.swift */; };
		667EBA3B2610C8040025124D /* DetailsComponent.swift in Sources */ = {isa = PBXBuildFile; fileRef = 667EBA3A2610C8040025124D /* DetailsComponent.swift */; };
		667EBA3F2610CC950025124D /* AllState.swift in Sources */ = {isa = PBXBuildFile; fileRef = 667EBA3E2610CC950025124D /* AllState.swift */; };
		667EBA442610FE850025124D /* FavoritesState.swift in Sources */ = {isa = PBXBuildFile; fileRef = 667EBA432610FE850025124D /* FavoritesState.swift */; };
		667EBA49261106D60025124D /* ImageView.swift in Sources */ = {isa = PBXBuildFile; fileRef = 667EBA48261106D60025124D /* ImageView.swift */; };
		667EBA502611100A0025124D /* BeerItemView.swift in Sources */ = {isa = PBXBuildFile; fileRef = 667EBA4F2611100A0025124D /* BeerItemView.swift */; };
		669CA4DE260F755D002F0067 /* SceneDelegate.swift in Sources */ = {isa = PBXBuildFile; fileRef = 669CA4DD260F755D002F0067 /* SceneDelegate.swift */; };
		669CA4E6260F7657002F0067 /* AppDelegate.swift in Sources */ = {isa = PBXBuildFile; fileRef = 669CA4E5260F7657002F0067 /* AppDelegate.swift */; };
		669CA4EB260F7733002F0067 /* TabsContainer.swift in Sources */ = {isa = PBXBuildFile; fileRef = 669CA4EA260F7733002F0067 /* TabsContainer.swift */; };
		669CA4EF260F773D002F0067 /* TabsComponent.swift in Sources */ = {isa = PBXBuildFile; fileRef = 669CA4EE260F773D002F0067 /* TabsComponent.swift */; };
		669CA4F5260F776A002F0067 /* Component.swift in Sources */ = {isa = PBXBuildFile; fileRef = 669CA4F3260F776A002F0067 /* Component.swift */; };
		669CA4F6260F776A002F0067 /* Container.swift in Sources */ = {isa = PBXBuildFile; fileRef = 669CA4F4260F776A002F0067 /* Container.swift */; };
		669CA4FC260F7787002F0067 /* Actionable.swift in Sources */ = {isa = PBXBuildFile; fileRef = 669CA4F9260F7787002F0067 /* Actionable.swift */; };
		669CA4FD260F7787002F0067 /* Reducible.swift in Sources */ = {isa = PBXBuildFile; fileRef = 669CA4FB260F7787002F0067 /* Reducible.swift */; };
		669CA502260F77AF002F0067 /* EnvironmentStore.swift in Sources */ = {isa = PBXBuildFile; fileRef = 669CA500260F77AF002F0067 /* EnvironmentStore.swift */; };
		669CA503260F77AF002F0067 /* Store.swift in Sources */ = {isa = PBXBuildFile; fileRef = 669CA501260F77AF002F0067 /* Store.swift */; };
		669CA506260F77CB002F0067 /* Commands.swift in Sources */ = {isa = PBXBuildFile; fileRef = 669CA505260F77CB002F0067 /* Commands.swift */; };
		669CA50E260F7846002F0067 /* AppEnvironmentStore.swift in Sources */ = {isa = PBXBuildFile; fileRef = 669CA50D260F7846002F0067 /* AppEnvironmentStore.swift */; };
		669CA512260F785A002F0067 /* AppStore.swift in Sources */ = {isa = PBXBuildFile; fileRef = 669CA511260F785A002F0067 /* AppStore.swift */; };
		669CA516260F7877002F0067 /* Actions.swift in Sources */ = {isa = PBXBuildFile; fileRef = 669CA515260F7877002F0067 /* Actions.swift */; };
		669CA51B260F7894002F0067 /* AppState.swift in Sources */ = {isa = PBXBuildFile; fileRef = 669CA51A260F7894002F0067 /* AppState.swift */; };
		669CA521260F7ABB002F0067 /* RenderComponent.swift in Sources */ = {isa = PBXBuildFile; fileRef = 669CA51F260F7ABB002F0067 /* RenderComponent.swift */; };
		669CA522260F7ABB002F0067 /* RenderContainer.swift in Sources */ = {isa = PBXBuildFile; fileRef = 669CA520260F7ABB002F0067 /* RenderContainer.swift */; };
		669CA526260F7B60002F0067 /* AllContainer.swift in Sources */ = {isa = PBXBuildFile; fileRef = 669CA525260F7B60002F0067 /* AllContainer.swift */; };
		669CA529260F7B6D002F0067 /* AllComponent.swift in Sources */ = {isa = PBXBuildFile; fileRef = 669CA528260F7B6D002F0067 /* AllComponent.swift */; };
		669CA52E260F7BA8002F0067 /* RandomContainer.swift in Sources */ = {isa = PBXBuildFile; fileRef = 669CA52D260F7BA8002F0067 /* RandomContainer.swift */; };
		669CA531260F7BB5002F0067 /* RandomComponent.swift in Sources */ = {isa = PBXBuildFile; fileRef = 669CA530260F7BB5002F0067 /* RandomComponent.swift */; };
		669CA535260F7BDC002F0067 /* FavoritesContainer.swift in Sources */ = {isa = PBXBuildFile; fileRef = 669CA534260F7BDC002F0067 /* FavoritesContainer.swift */; };
		669CA538260F7BE8002F0067 /* FavoritesComponent.swift in Sources */ = {isa = PBXBuildFile; fileRef = 669CA537260F7BE8002F0067 /* FavoritesComponent.swift */; };
		669CA542260F83D8002F0067 /* Result.swift in Sources */ = {isa = PBXBuildFile; fileRef = 669CA541260F83D8002F0067 /* Result.swift */; };
		669CA548260F886B002F0067 /* LoadingContainer.swift in Sources */ = {isa = PBXBuildFile; fileRef = 669CA547260F886B002F0067 /* LoadingContainer.swift */; };
		669CA54C260F8884002F0067 /* LoadingComponent.swift in Sources */ = {isa = PBXBuildFile; fileRef = 669CA54B260F8884002F0067 /* LoadingComponent.swift */; };
		669CA550260F8901002F0067 /* MessageContainer.swift in Sources */ = {isa = PBXBuildFile; fileRef = 669CA54F260F8901002F0067 /* MessageContainer.swift */; };
		669CA553260F89A4002F0067 /* MessageComponent.swift in Sources */ = {isa = PBXBuildFile; fileRef = 669CA552260F89A3002F0067 /* MessageComponent.swift */; };
		669CA567260F96EE002F0067 /* Flow.swift in Sources */ = {isa = PBXBuildFile; fileRef = 669CA566260F96EE002F0067 /* Flow.swift */; };
		669CA570260FA026002F0067 /* AllMiddleware.swift in Sources */ = {isa = PBXBuildFile; fileRef = 669CA56F260FA026002F0067 /* AllMiddleware.swift */; };
		669CA575260FA13A002F0067 /* Middlewareable.swift in Sources */ = {isa = PBXBuildFile; fileRef = 669CA574260FA13A002F0067 /* Middlewareable.swift */; };
		669CA579260FA255002F0067 /* Middleware.swift in Sources */ = {isa = PBXBuildFile; fileRef = 669CA578260FA255002F0067 /* Middleware.swift */; };
		669CA582260FA723002F0067 /* Api.swift in Sources */ = {isa = PBXBuildFile; fileRef = 669CA581260FA723002F0067 /* Api.swift */; };
/* End PBXBuildFile section */

/* Begin PBXFileReference section */
		660A8541260FA978008A0B1B /* BeersApi.swift */ = {isa = PBXFileReference; lastKnownFileType = sourcecode.swift; path = BeersApi.swift; sourceTree = "<group>"; };
		660A8545260FAA3D008A0B1B /* Beer.swift */ = {isa = PBXFileReference; lastKnownFileType = sourcecode.swift; path = Beer.swift; sourceTree = "<group>"; };
		660A855A26109493008A0B1B /* ItemsState.swift */ = {isa = PBXFileReference; lastKnownFileType = sourcecode.swift; path = ItemsState.swift; sourceTree = "<group>"; };
		660A855E261097AD008A0B1B /* ResponseState.swift */ = {isa = PBXFileReference; lastKnownFileType = sourcecode.swift; path = ResponseState.swift; sourceTree = "<group>"; };
		660A85742610B172008A0B1B /* Observer.swift */ = {isa = PBXFileReference; lastKnownFileType = sourcecode.swift; path = Observer.swift; sourceTree = "<group>"; };
		66683FD8260F73EB0087B4F0 /* Hathway.app */ = {isa = PBXFileReference; explicitFileType = wrapper.application; includeInIndex = 0; path = Hathway.app; sourceTree = BUILT_PRODUCTS_DIR; };
		66683FDF260F73EC0087B4F0 /* Assets.xcassets */ = {isa = PBXFileReference; lastKnownFileType = folder.assetcatalog; path = Assets.xcassets; sourceTree = "<group>"; };
		66683FE2260F73EC0087B4F0 /* Preview Assets.xcassets */ = {isa = PBXFileReference; lastKnownFileType = folder.assetcatalog; path = "Preview Assets.xcassets"; sourceTree = "<group>"; };
		66683FE4260F73EC0087B4F0 /* Info.plist */ = {isa = PBXFileReference; lastKnownFileType = text.plist.xml; path = Info.plist; sourceTree = "<group>"; };
		667EBA302610BD770025124D /* StringIdentifiable.swift */ = {isa = PBXFileReference; lastKnownFileType = sourcecode.swift; path = StringIdentifiable.swift; sourceTree = "<group>"; };
		667EBA362610C7E40025124D /* DetailsContainer.swift */ = {isa = PBXFileReference; lastKnownFileType = sourcecode.swift; path = DetailsContainer.swift; sourceTree = "<group>"; };
		667EBA3A2610C8040025124D /* DetailsComponent.swift */ = {isa = PBXFileReference; lastKnownFileType = sourcecode.swift; path = DetailsComponent.swift; sourceTree = "<group>"; };
		667EBA3E2610CC950025124D /* AllState.swift */ = {isa = PBXFileReference; lastKnownFileType = sourcecode.swift; path = AllState.swift; sourceTree = "<group>"; };
		667EBA432610FE850025124D /* FavoritesState.swift */ = {isa = PBXFileReference; lastKnownFileType = sourcecode.swift; path = FavoritesState.swift; sourceTree = "<group>"; };
		667EBA48261106D60025124D /* ImageView.swift */ = {isa = PBXFileReference; lastKnownFileType = sourcecode.swift; path = ImageView.swift; sourceTree = "<group>"; };
		667EBA4F2611100A0025124D /* BeerItemView.swift */ = {isa = PBXFileReference; lastKnownFileType = sourcecode.swift; path = BeerItemView.swift; sourceTree = "<group>"; };
		669CA4DD260F755D002F0067 /* SceneDelegate.swift */ = {isa = PBXFileReference; lastKnownFileType = sourcecode.swift; path = SceneDelegate.swift; sourceTree = "<group>"; };
		669CA4E5260F7657002F0067 /* AppDelegate.swift */ = {isa = PBXFileReference; lastKnownFileType = sourcecode.swift; path = AppDelegate.swift; sourceTree = "<group>"; };
		669CA4EA260F7733002F0067 /* TabsContainer.swift */ = {isa = PBXFileReference; lastKnownFileType = sourcecode.swift; path = TabsContainer.swift; sourceTree = "<group>"; };
		669CA4EE260F773D002F0067 /* TabsComponent.swift */ = {isa = PBXFileReference; lastKnownFileType = sourcecode.swift; path = TabsComponent.swift; sourceTree = "<group>"; };
		669CA4F3260F776A002F0067 /* Component.swift */ = {isa = PBXFileReference; fileEncoding = 4; lastKnownFileType = sourcecode.swift; path = Component.swift; sourceTree = "<group>"; };
		669CA4F4260F776A002F0067 /* Container.swift */ = {isa = PBXFileReference; fileEncoding = 4; lastKnownFileType = sourcecode.swift; path = Container.swift; sourceTree = "<group>"; };
		669CA4F9260F7787002F0067 /* Actionable.swift */ = {isa = PBXFileReference; fileEncoding = 4; lastKnownFileType = sourcecode.swift; path = Actionable.swift; sourceTree = "<group>"; };
		669CA4FB260F7787002F0067 /* Reducible.swift */ = {isa = PBXFileReference; fileEncoding = 4; lastKnownFileType = sourcecode.swift; path = Reducible.swift; sourceTree = "<group>"; };
		669CA500260F77AF002F0067 /* EnvironmentStore.swift */ = {isa = PBXFileReference; fileEncoding = 4; lastKnownFileType = sourcecode.swift; path = EnvironmentStore.swift; sourceTree = "<group>"; };
		669CA501260F77AF002F0067 /* Store.swift */ = {isa = PBXFileReference; fileEncoding = 4; lastKnownFileType = sourcecode.swift; path = Store.swift; sourceTree = "<group>"; };
		669CA505260F77CB002F0067 /* Commands.swift */ = {isa = PBXFileReference; fileEncoding = 4; lastKnownFileType = sourcecode.swift; path = Commands.swift; sourceTree = "<group>"; };
		669CA50D260F7846002F0067 /* AppEnvironmentStore.swift */ = {isa = PBXFileReference; lastKnownFileType = sourcecode.swift; path = AppEnvironmentStore.swift; sourceTree = "<group>"; };
		669CA511260F785A002F0067 /* AppStore.swift */ = {isa = PBXFileReference; lastKnownFileType = sourcecode.swift; path = AppStore.swift; sourceTree = "<group>"; };
		669CA515260F7877002F0067 /* Actions.swift */ = {isa = PBXFileReference; lastKnownFileType = sourcecode.swift; path = Actions.swift; sourceTree = "<group>"; };
		669CA51A260F7894002F0067 /* AppState.swift */ = {isa = PBXFileReference; lastKnownFileType = sourcecode.swift; path = AppState.swift; sourceTree = "<group>"; };
		669CA51F260F7ABB002F0067 /* RenderComponent.swift */ = {isa = PBXFileReference; fileEncoding = 4; lastKnownFileType = sourcecode.swift; path = RenderComponent.swift; sourceTree = "<group>"; };
		669CA520260F7ABB002F0067 /* RenderContainer.swift */ = {isa = PBXFileReference; fileEncoding = 4; lastKnownFileType = sourcecode.swift; path = RenderContainer.swift; sourceTree = "<group>"; };
		669CA525260F7B60002F0067 /* AllContainer.swift */ = {isa = PBXFileReference; lastKnownFileType = sourcecode.swift; path = AllContainer.swift; sourceTree = "<group>"; };
		669CA528260F7B6D002F0067 /* AllComponent.swift */ = {isa = PBXFileReference; lastKnownFileType = sourcecode.swift; path = AllComponent.swift; sourceTree = "<group>"; };
		669CA52D260F7BA8002F0067 /* RandomContainer.swift */ = {isa = PBXFileReference; lastKnownFileType = sourcecode.swift; path = RandomContainer.swift; sourceTree = "<group>"; };
		669CA530260F7BB5002F0067 /* RandomComponent.swift */ = {isa = PBXFileReference; lastKnownFileType = sourcecode.swift; path = RandomComponent.swift; sourceTree = "<group>"; };
		669CA534260F7BDC002F0067 /* FavoritesContainer.swift */ = {isa = PBXFileReference; lastKnownFileType = sourcecode.swift; path = FavoritesContainer.swift; sourceTree = "<group>"; };
		669CA537260F7BE8002F0067 /* FavoritesComponent.swift */ = {isa = PBXFileReference; lastKnownFileType = sourcecode.swift; path = FavoritesComponent.swift; sourceTree = "<group>"; };
		669CA541260F83D8002F0067 /* Result.swift */ = {isa = PBXFileReference; lastKnownFileType = sourcecode.swift; path = Result.swift; sourceTree = "<group>"; };
		669CA547260F886B002F0067 /* LoadingContainer.swift */ = {isa = PBXFileReference; lastKnownFileType = sourcecode.swift; path = LoadingContainer.swift; sourceTree = "<group>"; };
		669CA54B260F8884002F0067 /* LoadingComponent.swift */ = {isa = PBXFileReference; lastKnownFileType = sourcecode.swift; path = LoadingComponent.swift; sourceTree = "<group>"; };
		669CA54F260F8901002F0067 /* MessageContainer.swift */ = {isa = PBXFileReference; lastKnownFileType = sourcecode.swift; path = MessageContainer.swift; sourceTree = "<group>"; };
		669CA552260F89A3002F0067 /* MessageComponent.swift */ = {isa = PBXFileReference; lastKnownFileType = sourcecode.swift; path = MessageComponent.swift; sourceTree = "<group>"; };
		669CA566260F96EE002F0067 /* Flow.swift */ = {isa = PBXFileReference; lastKnownFileType = sourcecode.swift; path = Flow.swift; sourceTree = "<group>"; };
		669CA56F260FA026002F0067 /* AllMiddleware.swift */ = {isa = PBXFileReference; lastKnownFileType = sourcecode.swift; path = AllMiddleware.swift; sourceTree = "<group>"; };
		669CA574260FA13A002F0067 /* Middlewareable.swift */ = {isa = PBXFileReference; lastKnownFileType = sourcecode.swift; path = Middlewareable.swift; sourceTree = "<group>"; };
		669CA578260FA255002F0067 /* Middleware.swift */ = {isa = PBXFileReference; lastKnownFileType = sourcecode.swift; path = Middleware.swift; sourceTree = "<group>"; };
		669CA581260FA723002F0067 /* Api.swift */ = {isa = PBXFileReference; lastKnownFileType = sourcecode.swift; path = Api.swift; sourceTree = "<group>"; };
/* End PBXFileReference section */

/* Begin PBXFrameworksBuildPhase section */
		66683FD5260F73EB0087B4F0 /* Frameworks */ = {
			isa = PBXFrameworksBuildPhase;
			buildActionMask = 2147483647;
			files = (
			);
			runOnlyForDeploymentPostprocessing = 0;
		};
/* End PBXFrameworksBuildPhase section */

/* Begin PBXGroup section */
		660A8544260FAA32008A0B1B /* Beers */ = {
			isa = PBXGroup;
			children = (
				660A8545260FAA3D008A0B1B /* Beer.swift */,
			);
			path = Beers;
			sourceTree = "<group>";
		};
		66683FCF260F73EB0087B4F0 = {
			isa = PBXGroup;
			children = (
				669CA4CB260F7453002F0067 /* SwiftUI-UDF */,
				66683FDA260F73EB0087B4F0 /* Hathway */,
				66683FD9260F73EB0087B4F0 /* Products */,
			);
			sourceTree = "<group>";
		};
		66683FD9260F73EB0087B4F0 /* Products */ = {
			isa = PBXGroup;
			children = (
				66683FD8260F73EB0087B4F0 /* Hathway.app */,
			);
			name = Products;
			sourceTree = "<group>";
		};
		66683FDA260F73EB0087B4F0 /* Hathway */ = {
			isa = PBXGroup;
			children = (
				669CA4E5260F7657002F0067 /* AppDelegate.swift */,
				669CA4DD260F755D002F0067 /* SceneDelegate.swift */,
				669CA4DB260F74B9002F0067 /* Resources */,
				669CA50B260F77FD002F0067 /* Models */,
				669CA580260FA51B002F0067 /* API */,
				669CA4DC260F74D4002F0067 /* Modules */,
			);
			path = Hathway;
			sourceTree = "<group>";
		};
		66683FE1260F73EC0087B4F0 /* Preview Content */ = {
			isa = PBXGroup;
			children = (
				66683FE2260F73EC0087B4F0 /* Preview Assets.xcassets */,
			);
			path = "Preview Content";
			sourceTree = "<group>";
		};
		667EBA352610C7B60025124D /* Details */ = {
			isa = PBXGroup;
			children = (
				667EBA362610C7E40025124D /* DetailsContainer.swift */,
				667EBA3A2610C8040025124D /* DetailsComponent.swift */,
			);
			path = Details;
			sourceTree = "<group>";
		};
		667EBA47261106C40025124D /* Image View */ = {
			isa = PBXGroup;
			children = (
				667EBA48261106D60025124D /* ImageView.swift */,
			);
			path = "Image View";
			sourceTree = "<group>";
		};
		667EBA4E26110FF70025124D /* Beer Item */ = {
			isa = PBXGroup;
			children = (
				667EBA4F2611100A0025124D /* BeerItemView.swift */,
			);
			path = "Beer Item";
			sourceTree = "<group>";
		};
		669CA4CB260F7453002F0067 /* SwiftUI-UDF */ = {
			isa = PBXGroup;
			children = (
				669CA505260F77CB002F0067 /* Commands.swift */,
				667EBA302610BD770025124D /* StringIdentifiable.swift */,
				669CA4FF260F77A2002F0067 /* Store */,
				669CA573260FA127002F0067 /* Middleware */,
				669CA4F8260F7787002F0067 /* Action */,
				669CA4FA260F7787002F0067 /* Reducer */,
				669CA4F2260F7761002F0067 /* View */,
			);
			path = "SwiftUI-UDF";
			sourceTree = "<group>";
		};
		669CA4DB260F74B9002F0067 /* Resources */ = {
			isa = PBXGroup;
			children = (
				66683FE4260F73EC0087B4F0 /* Info.plist */,
				66683FDF260F73EC0087B4F0 /* Assets.xcassets */,
				66683FE1260F73EC0087B4F0 /* Preview Content */,
			);
			path = Resources;
			sourceTree = "<group>";
		};
		669CA4DC260F74D4002F0067 /* Modules */ = {
			isa = PBXGroup;
			children = (
				669CA4E9260F7729002F0067 /* Tabs */,
				669CA524260F7B40002F0067 /* All */,
				667EBA352610C7B60025124D /* Details */,
				669CA52B260F7B71002F0067 /* Random */,
				669CA52C260F7B80002F0067 /* Favorites */,
				669CA546260F8854002F0067 /* Universal */,
			);
			path = Modules;
			sourceTree = "<group>";
		};
		669CA4E9260F7729002F0067 /* Tabs */ = {
			isa = PBXGroup;
			children = (
				669CA4EA260F7733002F0067 /* TabsContainer.swift */,
				669CA4EE260F773D002F0067 /* TabsComponent.swift */,
			);
			path = Tabs;
			sourceTree = "<group>";
		};
		669CA4F2260F7761002F0067 /* View */ = {
			isa = PBXGroup;
			children = (
				669CA4F3260F776A002F0067 /* Component.swift */,
				669CA4F4260F776A002F0067 /* Container.swift */,
				669CA51E260F7AA8002F0067 /* Render */,
			);
			path = View;
			sourceTree = "<group>";
		};
		669CA4F8260F7787002F0067 /* Action */ = {
			isa = PBXGroup;
			children = (
				669CA4F9260F7787002F0067 /* Actionable.swift */,
			);
			path = Action;
			sourceTree = "<group>";
		};
		669CA4FA260F7787002F0067 /* Reducer */ = {
			isa = PBXGroup;
			children = (
				669CA4FB260F7787002F0067 /* Reducible.swift */,
			);
			path = Reducer;
			sourceTree = "<group>";
		};
		669CA4FF260F77A2002F0067 /* Store */ = {
			isa = PBXGroup;
			children = (
				669CA500260F77AF002F0067 /* EnvironmentStore.swift */,
				669CA501260F77AF002F0067 /* Store.swift */,
				660A85742610B172008A0B1B /* Observer.swift */,
				669CA55C260F963D002F0067 /* Flow */,
			);
			path = Store;
			sourceTree = "<group>";
		};
		669CA50B260F77FD002F0067 /* Models */ = {
			isa = PBXGroup;
			children = (
				669CA519260F788B002F0067 /* States */,
				669CA514260F7871002F0067 /* Actions */,
				669CA50C260F780F002F0067 /* Stores */,
				660A8544260FAA32008A0B1B /* Beers */,
			);
			path = Models;
			sourceTree = "<group>";
		};
		669CA50C260F780F002F0067 /* Stores */ = {
			isa = PBXGroup;
			children = (
				669CA50D260F7846002F0067 /* AppEnvironmentStore.swift */,
				669CA511260F785A002F0067 /* AppStore.swift */,
			);
			path = Stores;
			sourceTree = "<group>";
		};
		669CA514260F7871002F0067 /* Actions */ = {
			isa = PBXGroup;
			children = (
				669CA515260F7877002F0067 /* Actions.swift */,
			);
			path = Actions;
			sourceTree = "<group>";
		};
		669CA519260F788B002F0067 /* States */ = {
			isa = PBXGroup;
			children = (
				669CA51A260F7894002F0067 /* AppState.swift */,
				660A855A26109493008A0B1B /* ItemsState.swift */,
				660A855E261097AD008A0B1B /* ResponseState.swift */,
				669CA541260F83D8002F0067 /* Result.swift */,
			);
			path = States;
			sourceTree = "<group>";
		};
		669CA51E260F7AA8002F0067 /* Render */ = {
			isa = PBXGroup;
			children = (
				669CA51F260F7ABB002F0067 /* RenderComponent.swift */,
				669CA520260F7ABB002F0067 /* RenderContainer.swift */,
			);
			path = Render;
			sourceTree = "<group>";
		};
		669CA524260F7B40002F0067 /* All */ = {
			isa = PBXGroup;
			children = (
				669CA56F260FA026002F0067 /* AllMiddleware.swift */,
				667EBA3E2610CC950025124D /* AllState.swift */,
				669CA525260F7B60002F0067 /* AllContainer.swift */,
				669CA528260F7B6D002F0067 /* AllComponent.swift */,
			);
			path = All;
			sourceTree = "<group>";
		};
		669CA52B260F7B71002F0067 /* Random */ = {
			isa = PBXGroup;
			children = (
				669CA52D260F7BA8002F0067 /* RandomContainer.swift */,
				669CA530260F7BB5002F0067 /* RandomComponent.swift */,
			);
			path = Random;
			sourceTree = "<group>";
		};
		669CA52C260F7B80002F0067 /* Favorites */ = {
			isa = PBXGroup;
			children = (
				667EBA432610FE850025124D /* FavoritesState.swift */,
				669CA534260F7BDC002F0067 /* FavoritesContainer.swift */,
				669CA537260F7BE8002F0067 /* FavoritesComponent.swift */,
			);
			path = Favorites;
			sourceTree = "<group>";
		};
		669CA545260F884D002F0067 /* Loading */ = {
			isa = PBXGroup;
			children = (
				669CA547260F886B002F0067 /* LoadingContainer.swift */,
				669CA54B260F8884002F0067 /* LoadingComponent.swift */,
			);
			path = Loading;
			sourceTree = "<group>";
		};
		669CA546260F8854002F0067 /* Universal */ = {
			isa = PBXGroup;
			children = (
				667EBA4E26110FF70025124D /* Beer Item */,
				669CA545260F884D002F0067 /* Loading */,
				669CA54E260F88E6002F0067 /* Message */,
				667EBA47261106C40025124D /* Image View */,
			);
			path = Universal;
			sourceTree = "<group>";
		};
		669CA54E260F88E6002F0067 /* Message */ = {
			isa = PBXGroup;
			children = (
				669CA54F260F8901002F0067 /* MessageContainer.swift */,
				669CA552260F89A3002F0067 /* MessageComponent.swift */,
			);
			path = Message;
			sourceTree = "<group>";
		};
		669CA55C260F963D002F0067 /* Flow */ = {
			isa = PBXGroup;
			children = (
				669CA566260F96EE002F0067 /* Flow.swift */,
			);
			path = Flow;
			sourceTree = "<group>";
		};
		669CA573260FA127002F0067 /* Middleware */ = {
			isa = PBXGroup;
			children = (
				669CA574260FA13A002F0067 /* Middlewareable.swift */,
				669CA578260FA255002F0067 /* Middleware.swift */,
			);
			path = Middleware;
			sourceTree = "<group>";
		};
		669CA580260FA51B002F0067 /* API */ = {
			isa = PBXGroup;
			children = (
				669CA581260FA723002F0067 /* Api.swift */,
				660A8541260FA978008A0B1B /* BeersApi.swift */,
			);
			path = API;
			sourceTree = "<group>";
		};
/* End PBXGroup section */

/* Begin PBXNativeTarget section */
		66683FD7260F73EB0087B4F0 /* Hathway */ = {
			isa = PBXNativeTarget;
			buildConfigurationList = 66683FE7260F73EC0087B4F0 /* Build configuration list for PBXNativeTarget "Hathway" */;
			buildPhases = (
				66683FD4260F73EB0087B4F0 /* Sources */,
				66683FD5260F73EB0087B4F0 /* Frameworks */,
				66683FD6260F73EB0087B4F0 /* Resources */,
			);
			buildRules = (
			);
			dependencies = (
			);
			name = Hathway;
			productName = Hathway;
			productReference = 66683FD8260F73EB0087B4F0 /* Hathway.app */;
			productType = "com.apple.product-type.application";
		};
/* End PBXNativeTarget section */

/* Begin PBXProject section */
		66683FD0260F73EB0087B4F0 /* Project object */ = {
			isa = PBXProject;
			attributes = {
				LastSwiftUpdateCheck = 1240;
				LastUpgradeCheck = 1240;
				TargetAttributes = {
					66683FD7260F73EB0087B4F0 = {
						CreatedOnToolsVersion = 12.4;
					};
				};
			};
			buildConfigurationList = 66683FD3260F73EB0087B4F0 /* Build configuration list for PBXProject "Hathway" */;
			compatibilityVersion = "Xcode 9.3";
			developmentRegion = en;
			hasScannedForEncodings = 0;
			knownRegions = (
				en,
				Base,
			);
			mainGroup = 66683FCF260F73EB0087B4F0;
			productRefGroup = 66683FD9260F73EB0087B4F0 /* Products */;
			projectDirPath = "";
			projectRoot = "";
			targets = (
				66683FD7260F73EB0087B4F0 /* Hathway */,
			);
		};
/* End PBXProject section */

/* Begin PBXResourcesBuildPhase section */
		66683FD6260F73EB0087B4F0 /* Resources */ = {
			isa = PBXResourcesBuildPhase;
			buildActionMask = 2147483647;
			files = (
				66683FE3260F73EC0087B4F0 /* Preview Assets.xcassets in Resources */,
				66683FE0260F73EC0087B4F0 /* Assets.xcassets in Resources */,
			);
			runOnlyForDeploymentPostprocessing = 0;
		};
/* End PBXResourcesBuildPhase section */

/* Begin PBXSourcesBuildPhase section */
		66683FD4260F73EB0087B4F0 /* Sources */ = {
			isa = PBXSourcesBuildPhase;
			buildActionMask = 2147483647;
			files = (
				669CA516260F7877002F0067 /* Actions.swift in Sources */,
				660A85752610B172008A0B1B /* Observer.swift in Sources */,
				667EBA372610C7E40025124D /* DetailsContainer.swift in Sources */,
				669CA567260F96EE002F0067 /* Flow.swift in Sources */,
				669CA4E6260F7657002F0067 /* AppDelegate.swift in Sources */,
				669CA52E260F7BA8002F0067 /* RandomContainer.swift in Sources */,
				669CA4FD260F7787002F0067 /* Reducible.swift in Sources */,
				667EBA3F2610CC950025124D /* AllState.swift in Sources */,
				669CA582260FA723002F0067 /* Api.swift in Sources */,
				660A855B26109493008A0B1B /* ItemsState.swift in Sources */,
				669CA4FC260F7787002F0067 /* Actionable.swift in Sources */,
				669CA4F6260F776A002F0067 /* Container.swift in Sources */,
				667EBA3B2610C8040025124D /* DetailsComponent.swift in Sources */,
				667EBA502611100A0025124D /* BeerItemView.swift in Sources */,
				669CA512260F785A002F0067 /* AppStore.swift in Sources */,
				669CA521260F7ABB002F0067 /* RenderComponent.swift in Sources */,
				669CA538260F7BE8002F0067 /* FavoritesComponent.swift in Sources */,
				667EBA49261106D60025124D /* ImageView.swift in Sources */,
				660A8546260FAA3D008A0B1B /* Beer.swift in Sources */,
				669CA548260F886B002F0067 /* LoadingContainer.swift in Sources */,
				669CA535260F7BDC002F0067 /* FavoritesContainer.swift in Sources */,
				669CA502260F77AF002F0067 /* EnvironmentStore.swift in Sources */,
				669CA529260F7B6D002F0067 /* AllComponent.swift in Sources */,
				667EBA312610BD770025124D /* StringIdentifiable.swift in Sources */,
				669CA550260F8901002F0067 /* MessageContainer.swift in Sources */,
				667EBA442610FE850025124D /* FavoritesState.swift in Sources */,
				669CA579260FA255002F0067 /* Middleware.swift in Sources */,
				669CA570260FA026002F0067 /* AllMiddleware.swift in Sources */,
				669CA522260F7ABB002F0067 /* RenderContainer.swift in Sources */,
				669CA542260F83D8002F0067 /* Result.swift in Sources */,
				669CA50E260F7846002F0067 /* AppEnvironmentStore.swift in Sources */,
				669CA503260F77AF002F0067 /* Store.swift in Sources */,
				669CA575260FA13A002F0067 /* Middlewareable.swift in Sources */,
				669CA54C260F8884002F0067 /* LoadingComponent.swift in Sources */,
				669CA506260F77CB002F0067 /* Commands.swift in Sources */,
				669CA51B260F7894002F0067 /* AppState.swift in Sources */,
				669CA531260F7BB5002F0067 /* RandomComponent.swift in Sources */,
				660A855F261097AD008A0B1B /* ResponseState.swift in Sources */,
				669CA4DE260F755D002F0067 /* SceneDelegate.swift in Sources */,
				669CA4EF260F773D002F0067 /* TabsComponent.swift in Sources */,
				669CA4EB260F7733002F0067 /* TabsContainer.swift in Sources */,
				669CA553260F89A4002F0067 /* MessageComponent.swift in Sources */,
				660A8542260FA978008A0B1B /* BeersApi.swift in Sources */,
				669CA526260F7B60002F0067 /* AllContainer.swift in Sources */,
				669CA4F5260F776A002F0067 /* Component.swift in Sources */,
			);
			runOnlyForDeploymentPostprocessing = 0;
		};
/* End PBXSourcesBuildPhase section */

/* Begin XCBuildConfiguration section */
		66683FE5260F73EC0087B4F0 /* Debug */ = {
			isa = XCBuildConfiguration;
			buildSettings = {
				ALWAYS_SEARCH_USER_PATHS = NO;
				CLANG_ANALYZER_NONNULL = YES;
				CLANG_ANALYZER_NUMBER_OBJECT_CONVERSION = YES_AGGRESSIVE;
				CLANG_CXX_LANGUAGE_STANDARD = "gnu++14";
				CLANG_CXX_LIBRARY = "libc++";
				CLANG_ENABLE_MODULES = YES;
				CLANG_ENABLE_OBJC_ARC = YES;
				CLANG_ENABLE_OBJC_WEAK = YES;
				CLANG_WARN_BLOCK_CAPTURE_AUTORELEASING = YES;
				CLANG_WARN_BOOL_CONVERSION = YES;
				CLANG_WARN_COMMA = YES;
				CLANG_WARN_CONSTANT_CONVERSION = YES;
				CLANG_WARN_DEPRECATED_OBJC_IMPLEMENTATIONS = YES;
				CLANG_WARN_DIRECT_OBJC_ISA_USAGE = YES_ERROR;
				CLANG_WARN_DOCUMENTATION_COMMENTS = YES;
				CLANG_WARN_EMPTY_BODY = YES;
				CLANG_WARN_ENUM_CONVERSION = YES;
				CLANG_WARN_INFINITE_RECURSION = YES;
				CLANG_WARN_INT_CONVERSION = YES;
				CLANG_WARN_NON_LITERAL_NULL_CONVERSION = YES;
				CLANG_WARN_OBJC_IMPLICIT_RETAIN_SELF = YES;
				CLANG_WARN_OBJC_LITERAL_CONVERSION = YES;
				CLANG_WARN_OBJC_ROOT_CLASS = YES_ERROR;
				CLANG_WARN_QUOTED_INCLUDE_IN_FRAMEWORK_HEADER = YES;
				CLANG_WARN_RANGE_LOOP_ANALYSIS = YES;
				CLANG_WARN_STRICT_PROTOTYPES = YES;
				CLANG_WARN_SUSPICIOUS_MOVE = YES;
				CLANG_WARN_UNGUARDED_AVAILABILITY = YES_AGGRESSIVE;
				CLANG_WARN_UNREACHABLE_CODE = YES;
				CLANG_WARN__DUPLICATE_METHOD_MATCH = YES;
				COPY_PHASE_STRIP = NO;
				DEBUG_INFORMATION_FORMAT = dwarf;
				ENABLE_STRICT_OBJC_MSGSEND = YES;
				ENABLE_TESTABILITY = YES;
				GCC_C_LANGUAGE_STANDARD = gnu11;
				GCC_DYNAMIC_NO_PIC = NO;
				GCC_NO_COMMON_BLOCKS = YES;
				GCC_OPTIMIZATION_LEVEL = 0;
				GCC_PREPROCESSOR_DEFINITIONS = (
					"DEBUG=1",
					"$(inherited)",
				);
				GCC_WARN_64_TO_32_BIT_CONVERSION = YES;
				GCC_WARN_ABOUT_RETURN_TYPE = YES_ERROR;
				GCC_WARN_UNDECLARED_SELECTOR = YES;
				GCC_WARN_UNINITIALIZED_AUTOS = YES_AGGRESSIVE;
				GCC_WARN_UNUSED_FUNCTION = YES;
				GCC_WARN_UNUSED_VARIABLE = YES;
				IPHONEOS_DEPLOYMENT_TARGET = 14.4;
				MTL_ENABLE_DEBUG_INFO = INCLUDE_SOURCE;
				MTL_FAST_MATH = YES;
				ONLY_ACTIVE_ARCH = YES;
				SDKROOT = iphoneos;
				SWIFT_ACTIVE_COMPILATION_CONDITIONS = DEBUG;
				SWIFT_OPTIMIZATION_LEVEL = "-Onone";
			};
			name = Debug;
		};
		66683FE6260F73EC0087B4F0 /* Release */ = {
			isa = XCBuildConfiguration;
			buildSettings = {
				ALWAYS_SEARCH_USER_PATHS = NO;
				CLANG_ANALYZER_NONNULL = YES;
				CLANG_ANALYZER_NUMBER_OBJECT_CONVERSION = YES_AGGRESSIVE;
				CLANG_CXX_LANGUAGE_STANDARD = "gnu++14";
				CLANG_CXX_LIBRARY = "libc++";
				CLANG_ENABLE_MODULES = YES;
				CLANG_ENABLE_OBJC_ARC = YES;
				CLANG_ENABLE_OBJC_WEAK = YES;
				CLANG_WARN_BLOCK_CAPTURE_AUTORELEASING = YES;
				CLANG_WARN_BOOL_CONVERSION = YES;
				CLANG_WARN_COMMA = YES;
				CLANG_WARN_CONSTANT_CONVERSION = YES;
				CLANG_WARN_DEPRECATED_OBJC_IMPLEMENTATIONS = YES;
				CLANG_WARN_DIRECT_OBJC_ISA_USAGE = YES_ERROR;
				CLANG_WARN_DOCUMENTATION_COMMENTS = YES;
				CLANG_WARN_EMPTY_BODY = YES;
				CLANG_WARN_ENUM_CONVERSION = YES;
				CLANG_WARN_INFINITE_RECURSION = YES;
				CLANG_WARN_INT_CONVERSION = YES;
				CLANG_WARN_NON_LITERAL_NULL_CONVERSION = YES;
				CLANG_WARN_OBJC_IMPLICIT_RETAIN_SELF = YES;
				CLANG_WARN_OBJC_LITERAL_CONVERSION = YES;
				CLANG_WARN_OBJC_ROOT_CLASS = YES_ERROR;
				CLANG_WARN_QUOTED_INCLUDE_IN_FRAMEWORK_HEADER = YES;
				CLANG_WARN_RANGE_LOOP_ANALYSIS = YES;
				CLANG_WARN_STRICT_PROTOTYPES = YES;
				CLANG_WARN_SUSPICIOUS_MOVE = YES;
				CLANG_WARN_UNGUARDED_AVAILABILITY = YES_AGGRESSIVE;
				CLANG_WARN_UNREACHABLE_CODE = YES;
				CLANG_WARN__DUPLICATE_METHOD_MATCH = YES;
				COPY_PHASE_STRIP = NO;
				DEBUG_INFORMATION_FORMAT = "dwarf-with-dsym";
				ENABLE_NS_ASSERTIONS = NO;
				ENABLE_STRICT_OBJC_MSGSEND = YES;
				GCC_C_LANGUAGE_STANDARD = gnu11;
				GCC_NO_COMMON_BLOCKS = YES;
				GCC_WARN_64_TO_32_BIT_CONVERSION = YES;
				GCC_WARN_ABOUT_RETURN_TYPE = YES_ERROR;
				GCC_WARN_UNDECLARED_SELECTOR = YES;
				GCC_WARN_UNINITIALIZED_AUTOS = YES_AGGRESSIVE;
				GCC_WARN_UNUSED_FUNCTION = YES;
				GCC_WARN_UNUSED_VARIABLE = YES;
				IPHONEOS_DEPLOYMENT_TARGET = 14.4;
				MTL_ENABLE_DEBUG_INFO = NO;
				MTL_FAST_MATH = YES;
				SDKROOT = iphoneos;
				SWIFT_COMPILATION_MODE = wholemodule;
				SWIFT_OPTIMIZATION_LEVEL = "-O";
				VALIDATE_PRODUCT = YES;
			};
			name = Release;
		};
		66683FE8260F73EC0087B4F0 /* Debug */ = {
			isa = XCBuildConfiguration;
			buildSettings = {
				ASSETCATALOG_COMPILER_APPICON_NAME = AppIcon;
				ASSETCATALOG_COMPILER_GLOBAL_ACCENT_COLOR_NAME = AccentColor;
				CODE_SIGN_STYLE = Automatic;
				DEVELOPMENT_ASSET_PATHS = "\"Hathway/Resources/Preview Content\"";
				DEVELOPMENT_TEAM = NP78NRZ4Q7;
				ENABLE_PREVIEWS = YES;
				INFOPLIST_FILE = Hathway/Resources/Info.plist;
				IPHONEOS_DEPLOYMENT_TARGET = 14.0;
				LD_RUNPATH_SEARCH_PATHS = (
					"$(inherited)",
					"@executable_path/Frameworks",
				);
				PRODUCT_BUNDLE_IDENTIFIER = "Mikael-Melkonyan.Hathway";
				PRODUCT_NAME = "$(TARGET_NAME)";
				SWIFT_VERSION = 5.0;
				TARGETED_DEVICE_FAMILY = 1;
			};
			name = Debug;
		};
		66683FE9260F73EC0087B4F0 /* Release */ = {
			isa = XCBuildConfiguration;
			buildSettings = {
				ASSETCATALOG_COMPILER_APPICON_NAME = AppIcon;
				ASSETCATALOG_COMPILER_GLOBAL_ACCENT_COLOR_NAME = AccentColor;
				CODE_SIGN_STYLE = Automatic;
				DEVELOPMENT_ASSET_PATHS = "\"Hathway/Resources/Preview Content\"";
				DEVELOPMENT_TEAM = NP78NRZ4Q7;
				ENABLE_PREVIEWS = YES;
				INFOPLIST_FILE = Hathway/Resources/Info.plist;
				IPHONEOS_DEPLOYMENT_TARGET = 14.0;
				LD_RUNPATH_SEARCH_PATHS = (
					"$(inherited)",
					"@executable_path/Frameworks",
				);
				PRODUCT_BUNDLE_IDENTIFIER = "Mikael-Melkonyan.Hathway";
				PRODUCT_NAME = "$(TARGET_NAME)";
				SWIFT_VERSION = 5.0;
				TARGETED_DEVICE_FAMILY = 1;
			};
			name = Release;
		};
/* End XCBuildConfiguration section */

/* Begin XCConfigurationList section */
		66683FD3260F73EB0087B4F0 /* Build configuration list for PBXProject "Hathway" */ = {
			isa = XCConfigurationList;
			buildConfigurations = (
				66683FE5260F73EC0087B4F0 /* Debug */,
				66683FE6260F73EC0087B4F0 /* Release */,
			);
			defaultConfigurationIsVisible = 0;
			defaultConfigurationName = Release;
		};
		66683FE7260F73EC0087B4F0 /* Build configuration list for PBXNativeTarget "Hathway" */ = {
			isa = XCConfigurationList;
			buildConfigurations = (
				66683FE8260F73EC0087B4F0 /* Debug */,
				66683FE9260F73EC0087B4F0 /* Release */,
			);
			defaultConfigurationIsVisible = 0;
			defaultConfigurationName = Release;
		};
/* End XCConfigurationList section */
	};
	rootObject = 66683FD0260F73EB0087B4F0 /* Project object */;
}
